
Microsoft Visual Studio Solution File, Format Version 12.00
# Visual Studio Version 17
VisualStudioVersion = 17.5.33530.505
MinimumVisualStudioVersion = 10.0.40219.1
Project("{9A19103F-16F7-4668-BE54-9A1E7A4F7556}") = "AppNotificationExample", "ToastNotificationExample\AppNotificationExample.csproj", "{CDB82CF4-6352-4BB8-A4E5-F6ABB7E937FE}"
EndProject
Project("{9A19103F-16F7-4668-BE54-9A1E7A4F7556}") = "NotificationLibrary", "ToastNotificationLibrary\NotificationLibrary.csproj", "{94F331BA-0E39-48C2-ACC3-613C7B1F0569}"
EndProject
Global
	GlobalSection(SolutionConfigurationPlatforms) = preSolution
		Debug|Any CPU = Debug|Any CPU
		Release|Any CPU = Release|Any CPU
	EndGlobalSection
	GlobalSection(ProjectConfigurationPlatforms) = postSolution
		{CDB82CF4-6352-4BB8-A4E5-F6ABB7E937FE}.Debug|Any CPU.ActiveCfg = Debug|Any CPU
		{CDB82CF4-6352-4BB8-A4E5-F6ABB7E937FE}.Debug|Any CPU.Build.0 = Debug|Any CPU
		{CDB82CF4-6352-4BB8-A4E5-F6ABB7E937FE}.Release|Any CPU.ActiveCfg = Release|Any CPU
		{CDB82CF4-6352-4BB8-A4E5-F6ABB7E937FE}.Release|Any CPU.Build.0 = Release|Any CPU
		{94F331BA-0E39-48C2-ACC3-613C7B1F0569}.Debug|Any CPU.ActiveCfg = Debug|Any CPU
		{94F331BA-0E39-48C2-ACC3-613C7B1F0569}.Debug|Any CPU.Build.0 = Debug|Any CPU
		{94F331BA-0E39-48C2-ACC3-613C7B1F0569}.Release|Any CPU.ActiveCfg = Release|Any CPU
		{94F331BA-0E39-48C2-ACC3-613C7B1F0569}.Release|Any CPU.Build.0 = Release|Any CPU
	EndGlobalSection
	GlobalSection(SolutionProperties) = preSolution
		HideSolutionNode = FALSE
	EndGlobalSection
	GlobalSection(ExtensibilityGlobals) = postSolution
		SolutionGuid = {6F86273D-9771-41A7-B25C-C59BA3A50B13}
	EndGlobalSection
EndGlobal
